{
  "nodes": {
    "flake-utils": {
      "locked": {
        "lastModified": 1680946745,
        "narHash": "sha256-KqGlwg9UTDsFBZZB8wzXgMnc8XQm95LtSbFvBsnqkPI=",
        "owner": "numtide",
        "repo": "flake-utils",
        "rev": "946da791763db1c306b86a8bd3828bf5814a1247",
        "type": "github"
      },
      "original": {
        "owner": "numtide",
        "repo": "flake-utils",
        "type": "github"
      }
    },
    "maelstrom-src": {
      "flake": false,
      "locked": {
        "narHash": "sha256-mE/FIHDLYd1lxAvECZGelZtbo0xkQgMroXro+xb9bMI=",
        "type": "tarball",
        "url": "https://github.com/jepsen-io/maelstrom/releases/download/v0.2.3/maelstrom.tar.bz2"
      },
      "original": {
        "type": "tarball",
        "url": "https://github.com/jepsen-io/maelstrom/releases/download/v0.2.3/maelstrom.tar.bz2"
      }
    },
    "naersk": {
      "inputs": {
        "nixpkgs": "nixpkgs"
      },
      "locked": {
        "lastModified": 1679567394,
        "narHash": "sha256-ZvLuzPeARDLiQUt6zSZFGOs+HZmE+3g4QURc8mkBsfM=",
        "owner": "nix-community",
        "repo": "naersk",
        "rev": "88cd22380154a2c36799fe8098888f0f59861a15",
        "type": "github"
      },
      "original": {
        "owner": "nix-community",
        "repo": "naersk",
        "type": "github"
      }
    },
    "nixpkgs": {
      "locked": {
        "lastModified": 1680758185,
        "narHash": "sha256-sCVWwfnk7zEX8Z+OItiH+pcSklrlsLZ4TJTtnxAYREw=",
        "path": "/nix/store/haqac3xk5vi8fn9gx156gjbm170351m7-source",
        "rev": "0e19daa510e47a40e06257e205965f3b96ce0ac9",
        "type": "path"
      },
      "original": {
        "id": "nixpkgs",
        "type": "indirect"
      }
    },
    "nixpkgs_2": {
      "locked": {
        "lastModified": 1680758185,
        "narHash": "sha256-sCVWwfnk7zEX8Z+OItiH+pcSklrlsLZ4TJTtnxAYREw=",
        "owner": "NixOS",
        "repo": "nixpkgs",
        "rev": "0e19daa510e47a40e06257e205965f3b96ce0ac9",
        "type": "github"
      },
      "original": {
        "owner": "NixOS",
        "ref": "nixos-unstable",
        "repo": "nixpkgs",
        "type": "github"
      }
    },
    "root": {
      "inputs": {
        "flake-utils": "flake-utils",
        "maelstrom-src": "maelstrom-src",
        "naersk": "naersk",
        "nixpkgs": "nixpkgs_2"
      }
    }
  },
  "root": "root",
  "version": 7
}
